
Microsoft Visual Studio Solution File, Format Version 12.00
# Visual Studio 15
VisualStudioVersion = 15.0.26124.0
MinimumVisualStudioVersion = 15.0.26124.0
Project("{9A19103F-16F7-4668-BE54-9A1E7A4F7556}") = "R5T.Odense.Default.Construction", "R5T.Odense.Default.Construction\R5T.Odense.Default.Construction.csproj", "{C92B49C0-F64E-4BD7-A56A-A9DCDBB71137}"
EndProject
Project("{9A19103F-16F7-4668-BE54-9A1E7A4F7556}") = "R5T.Odense.Default", "R5T.Odense.Default\R5T.Odense.Default.csproj", "{5E565637-A496-4B38-ABA2-49006365F67A}"
EndProject
Project("{9A19103F-16F7-4668-BE54-9A1E7A4F7556}") = "R5T.Odense.Default.Testing", "R5T.Odense.Default.Testing\R5T.Odense.Default.Testing.csproj", "{414F9783-73B6-4DB8-98CA-870F7EF0FCBD}"
EndProject
Project("{2150E333-8FDC-42A3-9474-1A3956D46DE8}") = "_Dependencies", "_Dependencies", "{BF78E738-5E4D-4CE5-8A10-3E2AB819890F}"
EndProject
Project("{9A19103F-16F7-4668-BE54-9A1E7A4F7556}") = "R5T.Odense.Base", "..\..\R5T.Odense.Base\source\R5T.Odense.Base\R5T.Odense.Base.csproj", "{8721CB19-9F14-4790-84BA-BE60EE9B25A2}"
EndProject
Global
	GlobalSection(SolutionConfigurationPlatforms) = preSolution
		Debug|Any CPU = Debug|Any CPU
		Debug|x64 = Debug|x64
		Debug|x86 = Debug|x86
		Release|Any CPU = Release|Any CPU
		Release|x64 = Release|x64
		Release|x86 = Release|x86
	EndGlobalSection
	GlobalSection(ProjectConfigurationPlatforms) = postSolution
		{C92B49C0-F64E-4BD7-A56A-A9DCDBB71137}.Debug|Any CPU.ActiveCfg = Debug|Any CPU
		{C92B49C0-F64E-4BD7-A56A-A9DCDBB71137}.Debug|Any CPU.Build.0 = Debug|Any CPU
		{C92B49C0-F64E-4BD7-A56A-A9DCDBB71137}.Debug|x64.ActiveCfg = Debug|Any CPU
		{C92B49C0-F64E-4BD7-A56A-A9DCDBB71137}.Debug|x64.Build.0 = Debug|Any CPU
		{C92B49C0-F64E-4BD7-A56A-A9DCDBB71137}.Debug|x86.ActiveCfg = Debug|Any CPU
		{C92B49C0-F64E-4BD7-A56A-A9DCDBB71137}.Debug|x86.Build.0 = Debug|Any CPU
		{C92B49C0-F64E-4BD7-A56A-A9DCDBB71137}.Release|Any CPU.ActiveCfg = Release|Any CPU
		{C92B49C0-F64E-4BD7-A56A-A9DCDBB71137}.Release|Any CPU.Build.0 = Release|Any CPU
		{C92B49C0-F64E-4BD7-A56A-A9DCDBB71137}.Release|x64.ActiveCfg = Release|Any CPU
		{C92B49C0-F64E-4BD7-A56A-A9DCDBB71137}.Release|x64.Build.0 = Release|Any CPU
		{C92B49C0-F64E-4BD7-A56A-A9DCDBB71137}.Release|x86.ActiveCfg = Release|Any CPU
		{C92B49C0-F64E-4BD7-A56A-A9DCDBB71137}.Release|x86.Build.0 = Release|Any CPU
		{5E565637-A496-4B38-ABA2-49006365F67A}.Debug|Any CPU.ActiveCfg = Debug|Any CPU
		{5E565637-A496-4B38-ABA2-49006365F67A}.Debug|Any CPU.Build.0 = Debug|Any CPU
		{5E565637-A496-4B38-ABA2-49006365F67A}.Debug|x64.ActiveCfg = Debug|Any CPU
		{5E565637-A496-4B38-ABA2-49006365F67A}.Debug|x64.Build.0 = Debug|Any CPU
		{5E565637-A496-4B38-ABA2-49006365F67A}.Debug|x86.ActiveCfg = Debug|Any CPU
		{5E565637-A496-4B38-ABA2-49006365F67A}.Debug|x86.Build.0 = Debug|Any CPU
		{5E565637-A496-4B38-ABA2-49006365F67A}.Release|Any CPU.ActiveCfg = Release|Any CPU
		{5E565637-A496-4B38-ABA2-49006365F67A}.Release|Any CPU.Build.0 = Release|Any CPU
		{5E565637-A496-4B38-ABA2-49006365F67A}.Release|x64.ActiveCfg = Release|Any CPU
		{5E565637-A496-4B38-ABA2-49006365F67A}.Release|x64.Build.0 = Release|Any CPU
		{5E565637-A496-4B38-ABA2-49006365F67A}.Release|x86.ActiveCfg = Release|Any CPU
		{5E565637-A496-4B38-ABA2-49006365F67A}.Release|x86.Build.0 = Release|Any CPU
		{414F9783-73B6-4DB8-98CA-870F7EF0FCBD}.Debug|Any CPU.ActiveCfg = Debug|Any CPU
		{414F9783-73B6-4DB8-98CA-870F7EF0FCBD}.Debug|Any CPU.Build.0 = Debug|Any CPU
		{414F9783-73B6-4DB8-98CA-870F7EF0FCBD}.Debug|x64.ActiveCfg = Debug|Any CPU
		{414F9783-73B6-4DB8-98CA-870F7EF0FCBD}.Debug|x64.Build.0 = Debug|Any CPU
		{414F9783-73B6-4DB8-98CA-870F7EF0FCBD}.Debug|x86.ActiveCfg = Debug|Any CPU
		{414F9783-73B6-4DB8-98CA-870F7EF0FCBD}.Debug|x86.Build.0 = Debug|Any CPU
		{414F9783-73B6-4DB8-98CA-870F7EF0FCBD}.Release|Any CPU.ActiveCfg = Release|Any CPU
		{414F9783-73B6-4DB8-98CA-870F7EF0FCBD}.Release|Any CPU.Build.0 = Release|Any CPU
		{414F9783-73B6-4DB8-98CA-870F7EF0FCBD}.Release|x64.ActiveCfg = Release|Any CPU
		{414F9783-73B6-4DB8-98CA-870F7EF0FCBD}.Release|x64.Build.0 = Release|Any CPU
		{414F9783-73B6-4DB8-98CA-870F7EF0FCBD}.Release|x86.ActiveCfg = Release|Any CPU
		{414F9783-73B6-4DB8-98CA-870F7EF0FCBD}.Release|x86.Build.0 = Release|Any CPU
		{8721CB19-9F14-4790-84BA-BE60EE9B25A2}.Debug|Any CPU.ActiveCfg = Debug|Any CPU
		{8721CB19-9F14-4790-84BA-BE60EE9B25A2}.Debug|Any CPU.Build.0 = Debug|Any CPU
		{8721CB19-9F14-4790-84BA-BE60EE9B25A2}.Debug|x64.ActiveCfg = Debug|Any CPU
		{8721CB19-9F14-4790-84BA-BE60EE9B25A2}.Debug|x64.Build.0 = Debug|Any CPU
		{8721CB19-9F14-4790-84BA-BE60EE9B25A2}.Debug|x86.ActiveCfg = Debug|Any CPU
		{8721CB19-9F14-4790-84BA-BE60EE9B25A2}.Debug|x86.Build.0 = Debug|Any CPU
		{8721CB19-9F14-4790-84BA-BE60EE9B25A2}.Release|Any CPU.ActiveCfg = Release|Any CPU
		{8721CB19-9F14-4790-84BA-BE60EE9B25A2}.Release|Any CPU.Build.0 = Release|Any CPU
		{8721CB19-9F14-4790-84BA-BE60EE9B25A2}.Release|x64.ActiveCfg = Release|Any CPU
		{8721CB19-9F14-4790-84BA-BE60EE9B25A2}.Release|x64.Build.0 = Release|Any CPU
		{8721CB19-9F14-4790-84BA-BE60EE9B25A2}.Release|x86.ActiveCfg = Release|Any CPU
		{8721CB19-9F14-4790-84BA-BE60EE9B25A2}.Release|x86.Build.0 = Release|Any CPU
	EndGlobalSection
	GlobalSection(SolutionProperties) = preSolution
		HideSolutionNode = FALSE
	EndGlobalSection
	GlobalSection(NestedProjects) = preSolution
		{8721CB19-9F14-4790-84BA-BE60EE9B25A2} = {BF78E738-5E4D-4CE5-8A10-3E2AB819890F}
	EndGlobalSection
	GlobalSection(ExtensibilityGlobals) = postSolution
		SolutionGuid = {8013E63B-51A3-4EFE-BAAF-211B35617C06}
	EndGlobalSection
EndGlobal
